
Microsoft Visual Studio Solution File, Format Version 12.00
# Visual Studio Express 2013 for Windows Desktop
VisualStudioVersion = 12.0.21005.1
MinimumVisualStudioVersion = 10.0.40219.1
Project("{FAE04EC0-301F-11D3-BF4B-00C04F79EFBC}") = "Professional_L5", "Professional_L5\Professional_L5.csproj", "{A28AE1E5-BF06-4CB6-9CBF-CAD8144D9C86}"
EndProject
Project("{FAE04EC0-301F-11D3-BF4B-00C04F79EFBC}") = "Professional_L5.1", "Professional_L5.1\Professional_L5.1.csproj", "{69332BCC-45C6-4A33-B7B9-E77DACFF4F27}"
EndProject
Project("{FAE04EC0-301F-11D3-BF4B-00C04F79EFBC}") = "Professional_L5.2", "Professional_L5.2\Professional_L5.2.csproj", "{17318C2A-1C24-46B6-9F17-95E6FC0FC519}"
EndProject
Global
	GlobalSection(SolutionConfigurationPlatforms) = preSolution
		Debug|Any CPU = Debug|Any CPU
		Release|Any CPU = Release|Any CPU
	EndGlobalSection
	GlobalSection(ProjectConfigurationPlatforms) = postSolution
		{A28AE1E5-BF06-4CB6-9CBF-CAD8144D9C86}.Debug|Any CPU.ActiveCfg = Debug|Any CPU
		{A28AE1E5-BF06-4CB6-9CBF-CAD8144D9C86}.Debug|Any CPU.Build.0 = Debug|Any CPU
		{A28AE1E5-BF06-4CB6-9CBF-CAD8144D9C86}.Release|Any CPU.ActiveCfg = Release|Any CPU
		{A28AE1E5-BF06-4CB6-9CBF-CAD8144D9C86}.Release|Any CPU.Build.0 = Release|Any CPU
		{69332BCC-45C6-4A33-B7B9-E77DACFF4F27}.Debug|Any CPU.ActiveCfg = Debug|Any CPU
		{69332BCC-45C6-4A33-B7B9-E77DACFF4F27}.Debug|Any CPU.Build.0 = Debug|Any CPU
		{69332BCC-45C6-4A33-B7B9-E77DACFF4F27}.Release|Any CPU.ActiveCfg = Release|Any CPU
		{69332BCC-45C6-4A33-B7B9-E77DACFF4F27}.Release|Any CPU.Build.0 = Release|Any CPU
		{17318C2A-1C24-46B6-9F17-95E6FC0FC519}.Debug|Any CPU.ActiveCfg = Debug|Any CPU
		{17318C2A-1C24-46B6-9F17-95E6FC0FC519}.Debug|Any CPU.Build.0 = Debug|Any CPU
		{17318C2A-1C24-46B6-9F17-95E6FC0FC519}.Release|Any CPU.ActiveCfg = Release|Any CPU
		{17318C2A-1C24-46B6-9F17-95E6FC0FC519}.Release|Any CPU.Build.0 = Release|Any CPU
	EndGlobalSection
	GlobalSection(SolutionProperties) = preSolution
		HideSolutionNode = FALSE
	EndGlobalSection
EndGlobal
