
Microsoft Visual Studio Solution File, Format Version 12.00
# Visual Studio Express 2013 for Windows Desktop
VisualStudioVersion = 12.0.21005.1
MinimumVisualStudioVersion = 10.0.40219.1
Project("{FAE04EC0-301F-11D3-BF4B-00C04F79EFBC}") = "Essential_L17", "Essential_L17\Essential_L17.csproj", "{91BE7CF4-C442-4BAD-936D-048FE124F5AC}"
EndProject
Project("{FAE04EC0-301F-11D3-BF4B-00C04F79EFBC}") = "Essential_L17.2", "Essential_L17.2\Essential_L17.2.csproj", "{D4E4EFD3-EB31-4BD4-B0D8-0C99DCC5D508}"
EndProject
Project("{FAE04EC0-301F-11D3-BF4B-00C04F79EFBC}") = "Essential_L17.1", "Essential_L17.1\Essential_L17.1.csproj", "{8B64D52A-750B-41E8-818D-CAB50D277E0C}"
EndProject
Global
	GlobalSection(SolutionConfigurationPlatforms) = preSolution
		Debug|Any CPU = Debug|Any CPU
		Release|Any CPU = Release|Any CPU
	EndGlobalSection
	GlobalSection(ProjectConfigurationPlatforms) = postSolution
		{91BE7CF4-C442-4BAD-936D-048FE124F5AC}.Debug|Any CPU.ActiveCfg = Debug|Any CPU
		{91BE7CF4-C442-4BAD-936D-048FE124F5AC}.Debug|Any CPU.Build.0 = Debug|Any CPU
		{91BE7CF4-C442-4BAD-936D-048FE124F5AC}.Release|Any CPU.ActiveCfg = Release|Any CPU
		{91BE7CF4-C442-4BAD-936D-048FE124F5AC}.Release|Any CPU.Build.0 = Release|Any CPU
		{D4E4EFD3-EB31-4BD4-B0D8-0C99DCC5D508}.Debug|Any CPU.ActiveCfg = Debug|Any CPU
		{D4E4EFD3-EB31-4BD4-B0D8-0C99DCC5D508}.Debug|Any CPU.Build.0 = Debug|Any CPU
		{D4E4EFD3-EB31-4BD4-B0D8-0C99DCC5D508}.Release|Any CPU.ActiveCfg = Release|Any CPU
		{D4E4EFD3-EB31-4BD4-B0D8-0C99DCC5D508}.Release|Any CPU.Build.0 = Release|Any CPU
		{8B64D52A-750B-41E8-818D-CAB50D277E0C}.Debug|Any CPU.ActiveCfg = Debug|Any CPU
		{8B64D52A-750B-41E8-818D-CAB50D277E0C}.Debug|Any CPU.Build.0 = Debug|Any CPU
		{8B64D52A-750B-41E8-818D-CAB50D277E0C}.Release|Any CPU.ActiveCfg = Release|Any CPU
		{8B64D52A-750B-41E8-818D-CAB50D277E0C}.Release|Any CPU.Build.0 = Release|Any CPU
	EndGlobalSection
	GlobalSection(SolutionProperties) = preSolution
		HideSolutionNode = FALSE
	EndGlobalSection
EndGlobal
